
Microsoft Visual Studio Solution File, Format Version 12.00
# Visual Studio Version 17
VisualStudioVersion = 17.3.32929.385
MinimumVisualStudioVersion = 10.0.40219.1
Project("{FAE04EC0-301F-11D3-BF4B-00C04F79EFBC}") = "sdb_Tool", "sdb_Tool.csproj", "{F302BD6F-EF0B-412F-ADE6-F760D74260A4}"
EndProject
Global
	GlobalSection(SolutionConfigurationPlatforms) = preSolution
		Debug|Any CPU = Debug|Any CPU
		Release|Any CPU = Release|Any CPU
	EndGlobalSection
	GlobalSection(ProjectConfigurationPlatforms) = postSolution
		{F302BD6F-EF0B-412F-ADE6-F760D74260A4}.Debug|Any CPU.ActiveCfg = Debug|Any CPU
		{F302BD6F-EF0B-412F-ADE6-F760D74260A4}.Debug|Any CPU.Build.0 = Debug|Any CPU
		{F302BD6F-EF0B-412F-ADE6-F760D74260A4}.Release|Any CPU.ActiveCfg = Release|Any CPU
		{F302BD6F-EF0B-412F-ADE6-F760D74260A4}.Release|Any CPU.Build.0 = Release|Any CPU
	EndGlobalSection
	GlobalSection(SolutionProperties) = preSolution
		HideSolutionNode = FALSE
	EndGlobalSection
	GlobalSection(ExtensibilityGlobals) = postSolution
		SolutionGuid = {6C61C0EC-7AB6-4E1D-BF7E-CD84A94C3BC3}
	EndGlobalSection
EndGlobal
